// !$*UTF8*$!
{
	archiveVersion = 1;
	classes = {
	};
	objectVersion = 77;
	objects = {

/* Begin PBXBuildFile section */
		0B31E3778DA0D85C30EB5936 /* MatchMateApp.swift in Sources */ = {isa = PBXBuildFile; fileRef = 0E79DF398B0368DE9D3AF285 /* MatchMateApp.swift */; };
		0E790571A90BC6851B7B7E05 /* Match.swift in Sources */ = {isa = PBXBuildFile; fileRef = CFA0471BE09AA21D8474CECB /* Match.swift */; };
		3C30B701535CDD261CD3C080 /* MainTabView.swift in Sources */ = {isa = PBXBuildFile; fileRef = 48E06B181F990C4C444F1185 /* MainTabView.swift */; };
		46E07F23AA970D7DFF482BB8 /* DiscoveryView.swift in Sources */ = {isa = PBXBuildFile; fileRef = 6C63B0B625DF2A021CB98A12 /* DiscoveryView.swift */; };
		7D86FA0A75047A4D9BDE28AB /* ProfileCardView.swift in Sources */ = {isa = PBXBuildFile; fileRef = F1199EBD2DD67290D5817E86 /* ProfileCardView.swift */; };
		86256E41ABF6F7D35B91D042 /* DiscoveryViewModel.swift in Sources */ = {isa = PBXBuildFile; fileRef = 41A227B2BD5646926DA51A2D /* DiscoveryViewModel.swift */; };
		A7A1A92EBE69755E2CAC3A71 /* MessagesView.swift in Sources */ = {isa = PBXBuildFile; fileRef = 541CBC3CAB26A321023699D1 /* MessagesView.swift */; };
		B43C82EB33EBE706D7EA1B81 /* UserProfile.swift in Sources */ = {isa = PBXBuildFile; fileRef = D4EFB6F7AD0F5D4131F4BDEB /* UserProfile.swift */; };
		BD7614F6E193BD90BB930220 /* ProfileView.swift in Sources */ = {isa = PBXBuildFile; fileRef = 8289CE2A42EBA66F9969018F /* ProfileView.swift */; };
		E08A189ACA0C095C484CFB65 /* MatchesView.swift in Sources */ = {isa = PBXBuildFile; fileRef = 886ACBB65AC551C52290F2D8 /* MatchesView.swift */; };
		FD053E6AB1BDD1B1770B352D /* AppState.swift in Sources */ = {isa = PBXBuildFile; fileRef = C065AF649F480620643E49CE /* AppState.swift */; };
/* End PBXBuildFile section */

/* Begin PBXFileReference section */
		0E79DF398B0368DE9D3AF285 /* MatchMateApp.swift */ = {isa = PBXFileReference; lastKnownFileType = sourcecode.swift; path = MatchMateApp.swift; sourceTree = "<group>"; };
		41A227B2BD5646926DA51A2D /* DiscoveryViewModel.swift */ = {isa = PBXFileReference; lastKnownFileType = sourcecode.swift; path = DiscoveryViewModel.swift; sourceTree = "<group>"; };
		48E06B181F990C4C444F1185 /* MainTabView.swift */ = {isa = PBXFileReference; lastKnownFileType = sourcecode.swift; path = MainTabView.swift; sourceTree = "<group>"; };
		541CBC3CAB26A321023699D1 /* MessagesView.swift */ = {isa = PBXFileReference; lastKnownFileType = sourcecode.swift; path = MessagesView.swift; sourceTree = "<group>"; };
		571D6A584E07102FED238558 /* Info.plist */ = {isa = PBXFileReference; lastKnownFileType = text.plist; path = Info.plist; sourceTree = "<group>"; };
		6C63B0B625DF2A021CB98A12 /* DiscoveryView.swift */ = {isa = PBXFileReference; lastKnownFileType = sourcecode.swift; path = DiscoveryView.swift; sourceTree = "<group>"; };
		8289CE2A42EBA66F9969018F /* ProfileView.swift */ = {isa = PBXFileReference; lastKnownFileType = sourcecode.swift; path = ProfileView.swift; sourceTree = "<group>"; };
		82E86B10F31B56529CE79163 /* MatchMate.app */ = {isa = PBXFileReference; includeInIndex = 0; lastKnownFileType = wrapper.application; path = MatchMate.app; sourceTree = BUILT_PRODUCTS_DIR; };
		886ACBB65AC551C52290F2D8 /* MatchesView.swift */ = {isa = PBXFileReference; lastKnownFileType = sourcecode.swift; path = MatchesView.swift; sourceTree = "<group>"; };
		C065AF649F480620643E49CE /* AppState.swift */ = {isa = PBXFileReference; lastKnownFileType = sourcecode.swift; path = AppState.swift; sourceTree = "<group>"; };
		CFA0471BE09AA21D8474CECB /* Match.swift */ = {isa = PBXFileReference; lastKnownFileType = sourcecode.swift; path = Match.swift; sourceTree = "<group>"; };
		D4EFB6F7AD0F5D4131F4BDEB /* UserProfile.swift */ = {isa = PBXFileReference; lastKnownFileType = sourcecode.swift; path = UserProfile.swift; sourceTree = "<group>"; };
		F1199EBD2DD67290D5817E86 /* ProfileCardView.swift */ = {isa = PBXFileReference; lastKnownFileType = sourcecode.swift; path = ProfileCardView.swift; sourceTree = "<group>"; };
/* End PBXFileReference section */

/* Begin PBXGroup section */
		057CB2F6B550BCD44F7EB668 /* Core */ = {
			isa = PBXGroup;
			children = (
				C065AF649F480620643E49CE /* AppState.swift */,
			);
			path = Core;
			sourceTree = "<group>";
		};
		2B80D7FB6C1271A8BF625D1E = {
			isa = PBXGroup;
			children = (
				ADA307DDDE0D2D904EC01D22 /* MatchMate */,
				543AFFAEFF98F0A8B52C9FA4 /* Products */,
			);
			sourceTree = "<group>";
		};
		5320BA6A3BD7551674F2859C /* Discovery */ = {
			isa = PBXGroup;
			children = (
				6C63B0B625DF2A021CB98A12 /* DiscoveryView.swift */,
				F1199EBD2DD67290D5817E86 /* ProfileCardView.swift */,
				D4EFB6F7AD0F5D4131F4BDEB /* UserProfile.swift */,
				AD4F5F936AA787F8050AEF14 /* ViewModels */,
			);
			path = Discovery;
			sourceTree = "<group>";
		};
		543AFFAEFF98F0A8B52C9FA4 /* Products */ = {
			isa = PBXGroup;
			children = (
				82E86B10F31B56529CE79163 /* MatchMate.app */,
			);
			name = Products;
			sourceTree = "<group>";
		};
		8A0D02FBCDF98A321CC2D6BC /* Features */ = {
			isa = PBXGroup;
			children = (
				AA7C99B9CBE9DB7613DE3684 /* Chat */,
				5320BA6A3BD7551674F2859C /* Discovery */,
				AE7D36E349DFF778DC6E0E4A /* Matches */,
				B56362189E8DFB1A5E199BF4 /* Profile */,
			);
			path = Features;
			sourceTree = "<group>";
		};
		AA7C99B9CBE9DB7613DE3684 /* Chat */ = {
			isa = PBXGroup;
			children = (
				541CBC3CAB26A321023699D1 /* MessagesView.swift */,
			);
			path = Chat;
			sourceTree = "<group>";
		};
		AD4F5F936AA787F8050AEF14 /* ViewModels */ = {
			isa = PBXGroup;
			children = (
				41A227B2BD5646926DA51A2D /* DiscoveryViewModel.swift */,
			);
			path = ViewModels;
			sourceTree = "<group>";
		};
		ADA307DDDE0D2D904EC01D22 /* MatchMate */ = {
			isa = PBXGroup;
			children = (
				571D6A584E07102FED238558 /* Info.plist */,
				48E06B181F990C4C444F1185 /* MainTabView.swift */,
				0E79DF398B0368DE9D3AF285 /* MatchMateApp.swift */,
				057CB2F6B550BCD44F7EB668 /* Core */,
				8A0D02FBCDF98A321CC2D6BC /* Features */,
			);
			path = MatchMate;
			sourceTree = "<group>";
		};
		AE7D36E349DFF778DC6E0E4A /* Matches */ = {
			isa = PBXGroup;
			children = (
				CFA0471BE09AA21D8474CECB /* Match.swift */,
				886ACBB65AC551C52290F2D8 /* MatchesView.swift */,
			);
			path = Matches;
			sourceTree = "<group>";
		};
		B56362189E8DFB1A5E199BF4 /* Profile */ = {
			isa = PBXGroup;
			children = (
				8289CE2A42EBA66F9969018F /* ProfileView.swift */,
			);
			path = Profile;
			sourceTree = "<group>";
		};
/* End PBXGroup section */

/* Begin PBXNativeTarget section */
		2F9784672E5A2896E78E2A0E /* MatchMate */ = {
			isa = PBXNativeTarget;
			buildConfigurationList = BF7C6D5749E7A426CA2110B4 /* Build configuration list for PBXNativeTarget "MatchMate" */;
			buildPhases = (
				C37923CB08285AA8A5A6B8D9 /* Sources */,
			);
			buildRules = (
			);
			dependencies = (
			);
			name = MatchMate;
			packageProductDependencies = (
			);
			productName = MatchMate;
			productReference = 82E86B10F31B56529CE79163 /* MatchMate.app */;
			productType = "com.apple.product-type.application";
		};
/* End PBXNativeTarget section */

/* Begin PBXProject section */
		D190A4DE056FEC5FC3D082D3 /* Project object */ = {
			isa = PBXProject;
			attributes = {
				BuildIndependentTargetsInParallel = YES;
				LastUpgradeCheck = 1430;
				TargetAttributes = {
				};
			};
			buildConfigurationList = D3F239D8D7E73519C6E0738A /* Build configuration list for PBXProject "MatchMate" */;
			developmentRegion = en;
			hasScannedForEncodings = 0;
			knownRegions = (
				Base,
				en,
			);
			mainGroup = 2B80D7FB6C1271A8BF625D1E;
			minimizedProjectReferenceProxies = 1;
			preferredProjectObjectVersion = 77;
			productRefGroup = 543AFFAEFF98F0A8B52C9FA4 /* Products */;
			projectDirPath = "";
			projectRoot = "";
			targets = (
				2F9784672E5A2896E78E2A0E /* MatchMate */,
			);
		};
/* End PBXProject section */

/* Begin PBXSourcesBuildPhase section */
		C37923CB08285AA8A5A6B8D9 /* Sources */ = {
			isa = PBXSourcesBuildPhase;
			buildActionMask = 2147483647;
			files = (
				FD053E6AB1BDD1B1770B352D /* AppState.swift in Sources */,
				46E07F23AA970D7DFF482BB8 /* DiscoveryView.swift in Sources */,
				86256E41ABF6F7D35B91D042 /* DiscoveryViewModel.swift in Sources */,
				3C30B701535CDD261CD3C080 /* MainTabView.swift in Sources */,
				0E790571A90BC6851B7B7E05 /* Match.swift in Sources */,
				0B31E3778DA0D85C30EB5936 /* MatchMateApp.swift in Sources */,
				E08A189ACA0C095C484CFB65 /* MatchesView.swift in Sources */,
				A7A1A92EBE69755E2CAC3A71 /* MessagesView.swift in Sources */,
				7D86FA0A75047A4D9BDE28AB /* ProfileCardView.swift in Sources */,
				BD7614F6E193BD90BB930220 /* ProfileView.swift in Sources */,
				B43C82EB33EBE706D7EA1B81 /* UserProfile.swift in Sources */,
			);
			runOnlyForDeploymentPostprocessing = 0;
		};
/* End PBXSourcesBuildPhase section */

/* Begin XCBuildConfiguration section */
		4DBA7371688443249C943A14 /* Release */ = {
			isa = XCBuildConfiguration;
			buildSettings = {
				ALWAYS_SEARCH_USER_PATHS = NO;
				CLANG_ANALYZER_NONNULL = YES;
				CLANG_ANALYZER_NUMBER_OBJECT_CONVERSION = YES_AGGRESSIVE;
				CLANG_CXX_LANGUAGE_STANDARD = "gnu++14";
				CLANG_CXX_LIBRARY = "libc++";
				CLANG_ENABLE_MODULES = YES;
				CLANG_ENABLE_OBJC_ARC = YES;
				CLANG_ENABLE_OBJC_WEAK = YES;
				CLANG_WARN_BLOCK_CAPTURE_AUTORELEASING = YES;
				CLANG_WARN_BOOL_CONVERSION = YES;
				CLANG_WARN_COMMA = YES;
				CLANG_WARN_CONSTANT_CONVERSION = YES;
				CLANG_WARN_DEPRECATED_OBJC_IMPLEMENTATIONS = YES;
				CLANG_WARN_DIRECT_OBJC_ISA_USAGE = YES_ERROR;
				CLANG_WARN_DOCUMENTATION_COMMENTS = YES;
				CLANG_WARN_EMPTY_BODY = YES;
				CLANG_WARN_ENUM_CONVERSION = YES;
				CLANG_WARN_INFINITE_RECURSION = YES;
				CLANG_WARN_INT_CONVERSION = YES;
				CLANG_WARN_NON_LITERAL_NULL_CONVERSION = YES;
				CLANG_WARN_OBJC_IMPLICIT_RETAIN_SELF = YES;
				CLANG_WARN_OBJC_LITERAL_CONVERSION = YES;
				CLANG_WARN_OBJC_ROOT_CLASS = YES_ERROR;
				CLANG_WARN_QUOTED_INCLUDE_IN_FRAMEWORK_HEADER = YES;
				CLANG_WARN_RANGE_LOOP_ANALYSIS = YES;
				CLANG_WARN_STRICT_PROTOTYPES = YES;
				CLANG_WARN_SUSPICIOUS_MOVE = YES;
				CLANG_WARN_UNGUARDED_AVAILABILITY = YES_AGGRESSIVE;
				CLANG_WARN_UNREACHABLE_CODE = YES;
				CLANG_WARN__DUPLICATE_METHOD_MATCH = YES;
				COPY_PHASE_STRIP = NO;
				DEBUG_INFORMATION_FORMAT = "dwarf-with-dsym";
				ENABLE_NS_ASSERTIONS = NO;
				ENABLE_STRICT_OBJC_MSGSEND = YES;
				GCC_C_LANGUAGE_STANDARD = gnu11;
				GCC_NO_COMMON_BLOCKS = YES;
				GCC_WARN_64_TO_32_BIT_CONVERSION = YES;
				GCC_WARN_ABOUT_RETURN_TYPE = YES_ERROR;
				GCC_WARN_UNDECLARED_SELECTOR = YES;
				GCC_WARN_UNINITIALIZED_AUTOS = YES_AGGRESSIVE;
				GCC_WARN_UNUSED_FUNCTION = YES;
				GCC_WARN_UNUSED_VARIABLE = YES;
				IPHONEOS_DEPLOYMENT_TARGET = 17.0;
				MTL_ENABLE_DEBUG_INFO = NO;
				MTL_FAST_MATH = YES;
				PRODUCT_NAME = "$(TARGET_NAME)";
				SDKROOT = iphoneos;
				SWIFT_COMPILATION_MODE = wholemodule;
				SWIFT_OPTIMIZATION_LEVEL = "-O";
				SWIFT_VERSION = 5.0;
			};
			name = Release;
		};
		68F71DB1170CB6EFCB728C86 /* Debug */ = {
			isa = XCBuildConfiguration;
			buildSettings = {
				ALWAYS_SEARCH_USER_PATHS = NO;
				CLANG_ANALYZER_NONNULL = YES;
				CLANG_ANALYZER_NUMBER_OBJECT_CONVERSION = YES_AGGRESSIVE;
				CLANG_CXX_LANGUAGE_STANDARD = "gnu++14";
				CLANG_CXX_LIBRARY = "libc++";
				CLANG_ENABLE_MODULES = YES;
				CLANG_ENABLE_OBJC_ARC = YES;
				CLANG_ENABLE_OBJC_WEAK = YES;
				CLANG_WARN_BLOCK_CAPTURE_AUTORELEASING = YES;
				CLANG_WARN_BOOL_CONVERSION = YES;
				CLANG_WARN_COMMA = YES;
				CLANG_WARN_CONSTANT_CONVERSION = YES;
				CLANG_WARN_DEPRECATED_OBJC_IMPLEMENTATIONS = YES;
				CLANG_WARN_DIRECT_OBJC_ISA_USAGE = YES_ERROR;
				CLANG_WARN_DOCUMENTATION_COMMENTS = YES;
				CLANG_WARN_EMPTY_BODY = YES;
				CLANG_WARN_ENUM_CONVERSION = YES;
				CLANG_WARN_INFINITE_RECURSION = YES;
				CLANG_WARN_INT_CONVERSION = YES;
				CLANG_WARN_NON_LITERAL_NULL_CONVERSION = YES;
				CLANG_WARN_OBJC_IMPLICIT_RETAIN_SELF = YES;
				CLANG_WARN_OBJC_LITERAL_CONVERSION = YES;
				CLANG_WARN_OBJC_ROOT_CLASS = YES_ERROR;
				CLANG_WARN_QUOTED_INCLUDE_IN_FRAMEWORK_HEADER = YES;
				CLANG_WARN_RANGE_LOOP_ANALYSIS = YES;
				CLANG_WARN_STRICT_PROTOTYPES = YES;
				CLANG_WARN_SUSPICIOUS_MOVE = YES;
				CLANG_WARN_UNGUARDED_AVAILABILITY = YES_AGGRESSIVE;
				CLANG_WARN_UNREACHABLE_CODE = YES;
				CLANG_WARN__DUPLICATE_METHOD_MATCH = YES;
				COPY_PHASE_STRIP = NO;
				DEBUG_INFORMATION_FORMAT = dwarf;
				ENABLE_STRICT_OBJC_MSGSEND = YES;
				ENABLE_TESTABILITY = YES;
				GCC_C_LANGUAGE_STANDARD = gnu11;
				GCC_DYNAMIC_NO_PIC = NO;
				GCC_NO_COMMON_BLOCKS = YES;
				GCC_OPTIMIZATION_LEVEL = 0;
				GCC_PREPROCESSOR_DEFINITIONS = (
					"$(inherited)",
					"DEBUG=1",
				);
				GCC_WARN_64_TO_32_BIT_CONVERSION = YES;
				GCC_WARN_ABOUT_RETURN_TYPE = YES_ERROR;
				GCC_WARN_UNDECLARED_SELECTOR = YES;
				GCC_WARN_UNINITIALIZED_AUTOS = YES_AGGRESSIVE;
				GCC_WARN_UNUSED_FUNCTION = YES;
				GCC_WARN_UNUSED_VARIABLE = YES;
				IPHONEOS_DEPLOYMENT_TARGET = 17.0;
				MTL_ENABLE_DEBUG_INFO = INCLUDE_SOURCE;
				MTL_FAST_MATH = YES;
				ONLY_ACTIVE_ARCH = YES;
				PRODUCT_NAME = "$(TARGET_NAME)";
				SDKROOT = iphoneos;
				SWIFT_ACTIVE_COMPILATION_CONDITIONS = DEBUG;
				SWIFT_OPTIMIZATION_LEVEL = "-Onone";
				SWIFT_VERSION = 5.0;
			};
			name = Debug;
		};
		78A1448AB2AB39CC6DD27442 /* Release */ = {
			isa = XCBuildConfiguration;
			buildSettings = {
				ASSETCATALOG_COMPILER_APPICON_NAME = AppIcon;
				CODE_SIGN_IDENTITY = "iPhone Developer";
				INFOPLIST_FILE = MatchMate/Info.plist;
				LD_RUNPATH_SEARCH_PATHS = (
					"$(inherited)",
					"@executable_path/Frameworks",
				);
				PRODUCT_BUNDLE_IDENTIFIER = com.kumarsaurabh.MatchMate;
				SDKROOT = iphoneos;
				SWIFT_VERSION = 5.0;
				TARGETED_DEVICE_FAMILY = "1,2";
			};
			name = Release;
		};
		AA9437C3FC5FA4D7120411D0 /* Debug */ = {
			isa = XCBuildConfiguration;
			buildSettings = {
				ASSETCATALOG_COMPILER_APPICON_NAME = AppIcon;
				CODE_SIGN_IDENTITY = "iPhone Developer";
				INFOPLIST_FILE = MatchMate/Info.plist;
				LD_RUNPATH_SEARCH_PATHS = (
					"$(inherited)",
					"@executable_path/Frameworks",
				);
				PRODUCT_BUNDLE_IDENTIFIER = com.kumarsaurabh.MatchMate;
				SDKROOT = iphoneos;
				SWIFT_VERSION = 5.0;
				TARGETED_DEVICE_FAMILY = "1,2";
			};
			name = Debug;
		};
/* End XCBuildConfiguration section */

/* Begin XCConfigurationList section */
		BF7C6D5749E7A426CA2110B4 /* Build configuration list for PBXNativeTarget "MatchMate" */ = {
			isa = XCConfigurationList;
			buildConfigurations = (
				AA9437C3FC5FA4D7120411D0 /* Debug */,
				78A1448AB2AB39CC6DD27442 /* Release */,
			);
			defaultConfigurationIsVisible = 0;
			defaultConfigurationName = Debug;
		};
		D3F239D8D7E73519C6E0738A /* Build configuration list for PBXProject "MatchMate" */ = {
			isa = XCConfigurationList;
			buildConfigurations = (
				68F71DB1170CB6EFCB728C86 /* Debug */,
				4DBA7371688443249C943A14 /* Release */,
			);
			defaultConfigurationIsVisible = 0;
			defaultConfigurationName = Debug;
		};
/* End XCConfigurationList section */
	};
	rootObject = D190A4DE056FEC5FC3D082D3 /* Project object */;
}
